
Microsoft Visual Studio Solution File, Format Version 12.00
# Visual Studio 15
VisualStudioVersion = 15.0.28010.2036
MinimumVisualStudioVersion = 10.0.40219.1
Project("{FAE04EC0-301F-11D3-BF4B-00C04F79EFBC}") = "Web", "Web\Web.csproj", "{8F852A4C-96D2-4FB7-8AE5-C43643CCA9C0}"
EndProject
Global
	GlobalSection(SolutionConfigurationPlatforms) = preSolution
		Debug|Any CPU = Debug|Any CPU
		Release|Any CPU = Release|Any CPU
	EndGlobalSection
	GlobalSection(ProjectConfigurationPlatforms) = postSolution
		{8F852A4C-96D2-4FB7-8AE5-C43643CCA9C0}.Debug|Any CPU.ActiveCfg = Debug|Any CPU
		{8F852A4C-96D2-4FB7-8AE5-C43643CCA9C0}.Debug|Any CPU.Build.0 = Debug|Any CPU
		{8F852A4C-96D2-4FB7-8AE5-C43643CCA9C0}.Release|Any CPU.ActiveCfg = Release|Any CPU
		{8F852A4C-96D2-4FB7-8AE5-C43643CCA9C0}.Release|Any CPU.Build.0 = Release|Any CPU
	EndGlobalSection
	GlobalSection(SolutionProperties) = preSolution
		HideSolutionNode = FALSE
	EndGlobalSection
	GlobalSection(ExtensibilityGlobals) = postSolution
		SolutionGuid = {29549BB5-48FE-4995-A869-A61F3F95395E}
	EndGlobalSection
EndGlobal
